// !$*UTF8*$!
{
	archiveVersion = 1;
	classes = {
	};
	objectVersion = 56;
	objects = {

/* Begin PBXBuildFile section */
		46001CBAFC297BCC786A3024 /* Pods_CenterMovies.framework in Frameworks */ = {isa = PBXBuildFile; fileRef = A35614EC28FE84DB1A60D2A5 /* Pods_CenterMovies.framework */; };
		51DB6F36BCFB8D68A4F7E899 /* Pods_CenterMoviesTests.framework in Frameworks */ = {isa = PBXBuildFile; fileRef = 9B21E38416F6951A1F4023ED /* Pods_CenterMoviesTests.framework */; };
		A5275C8B2B790B0D0045A61B /* AppDelegate.swift in Sources */ = {isa = PBXBuildFile; fileRef = A5275C8A2B790B0D0045A61B /* AppDelegate.swift */; };
		A5275C8D2B790B0D0045A61B /* SceneDelegate.swift in Sources */ = {isa = PBXBuildFile; fileRef = A5275C8C2B790B0D0045A61B /* SceneDelegate.swift */; };
		A5275C8F2B790B0D0045A61B /* ViewController.swift in Sources */ = {isa = PBXBuildFile; fileRef = A5275C8E2B790B0D0045A61B /* ViewController.swift */; };
		A5275C922B790B0D0045A61B /* Main.storyboard in Resources */ = {isa = PBXBuildFile; fileRef = A5275C902B790B0D0045A61B /* Main.storyboard */; };
		A5275C942B790B0E0045A61B /* Assets.xcassets in Resources */ = {isa = PBXBuildFile; fileRef = A5275C932B790B0E0045A61B /* Assets.xcassets */; };
		A5275C972B790B0E0045A61B /* LaunchScreen.storyboard in Resources */ = {isa = PBXBuildFile; fileRef = A5275C952B790B0E0045A61B /* LaunchScreen.storyboard */; };
		A5275CA22B790B0E0045A61B /* CenterMoviesTests.swift in Sources */ = {isa = PBXBuildFile; fileRef = A5275CA12B790B0E0045A61B /* CenterMoviesTests.swift */; };
		A5275CAC2B790B0E0045A61B /* CenterMoviesUITests.swift in Sources */ = {isa = PBXBuildFile; fileRef = A5275CAB2B790B0E0045A61B /* CenterMoviesUITests.swift */; };
		A5275CAE2B790B0E0045A61B /* CenterMoviesUITestsLaunchTests.swift in Sources */ = {isa = PBXBuildFile; fileRef = A5275CAD2B790B0E0045A61B /* CenterMoviesUITestsLaunchTests.swift */; };
		A5275CBF2B7913B50045A61B /* Service.swift in Sources */ = {isa = PBXBuildFile; fileRef = A5275CBE2B7913B50045A61B /* Service.swift */; };
		A5275CC32B7913DC0045A61B /* MainView.swift in Sources */ = {isa = PBXBuildFile; fileRef = A5275CC22B7913DC0045A61B /* MainView.swift */; };
		A5275CC52B79140E0045A61B /* MainViewModel.swift in Sources */ = {isa = PBXBuildFile; fileRef = A5275CC42B79140E0045A61B /* MainViewModel.swift */; };
		A5275CC72B7914610045A61B /* MainViewController.swift in Sources */ = {isa = PBXBuildFile; fileRef = A5275CC62B7914610045A61B /* MainViewController.swift */; };
		A5275CCF2B794C8D0045A61B /* Model.swift in Sources */ = {isa = PBXBuildFile; fileRef = A5275CCE2B794C8D0045A61B /* Model.swift */; };
		C229AB035EA06BB5C9FD8056 /* Pods_CenterMovies_CenterMoviesUITests.framework in Frameworks */ = {isa = PBXBuildFile; fileRef = F9CD26E198BCC0CC5F019556 /* Pods_CenterMovies_CenterMoviesUITests.framework */; };
/* End PBXBuildFile section */

/* Begin PBXContainerItemProxy section */
		A5275C9E2B790B0E0045A61B /* PBXContainerItemProxy */ = {
			isa = PBXContainerItemProxy;
			containerPortal = A5275C7F2B790B0D0045A61B /* Project object */;
			proxyType = 1;
			remoteGlobalIDString = A5275C862B790B0D0045A61B;
			remoteInfo = CenterMovies;
		};
		A5275CA82B790B0E0045A61B /* PBXContainerItemProxy */ = {
			isa = PBXContainerItemProxy;
			containerPortal = A5275C7F2B790B0D0045A61B /* Project object */;
			proxyType = 1;
			remoteGlobalIDString = A5275C862B790B0D0045A61B;
			remoteInfo = CenterMovies;
		};
/* End PBXContainerItemProxy section */

/* Begin PBXFileReference section */
		110324B2A5346F53CB6D1D2D /* Pods-CenterMovies.debug.xcconfig */ = {isa = PBXFileReference; includeInIndex = 1; lastKnownFileType = text.xcconfig; name = "Pods-CenterMovies.debug.xcconfig"; path = "Target Support Files/Pods-CenterMovies/Pods-CenterMovies.debug.xcconfig"; sourceTree = "<group>"; };
		1C350DB8F2B1479EB1EC1F81 /* Pods-CenterMovies-CenterMoviesUITests.release.xcconfig */ = {isa = PBXFileReference; includeInIndex = 1; lastKnownFileType = text.xcconfig; name = "Pods-CenterMovies-CenterMoviesUITests.release.xcconfig"; path = "Target Support Files/Pods-CenterMovies-CenterMoviesUITests/Pods-CenterMovies-CenterMoviesUITests.release.xcconfig"; sourceTree = "<group>"; };
		4D0276A215AD01C0F7A20D1B /* Pods-CenterMoviesTests.release.xcconfig */ = {isa = PBXFileReference; includeInIndex = 1; lastKnownFileType = text.xcconfig; name = "Pods-CenterMoviesTests.release.xcconfig"; path = "Target Support Files/Pods-CenterMoviesTests/Pods-CenterMoviesTests.release.xcconfig"; sourceTree = "<group>"; };
		625BDBBB49389583B6D57ACF /* Pods-CenterMovies-CenterMoviesUITests.debug.xcconfig */ = {isa = PBXFileReference; includeInIndex = 1; lastKnownFileType = text.xcconfig; name = "Pods-CenterMovies-CenterMoviesUITests.debug.xcconfig"; path = "Target Support Files/Pods-CenterMovies-CenterMoviesUITests/Pods-CenterMovies-CenterMoviesUITests.debug.xcconfig"; sourceTree = "<group>"; };
		9B21E38416F6951A1F4023ED /* Pods_CenterMoviesTests.framework */ = {isa = PBXFileReference; explicitFileType = wrapper.framework; includeInIndex = 0; path = Pods_CenterMoviesTests.framework; sourceTree = BUILT_PRODUCTS_DIR; };
		A35614EC28FE84DB1A60D2A5 /* Pods_CenterMovies.framework */ = {isa = PBXFileReference; explicitFileType = wrapper.framework; includeInIndex = 0; path = Pods_CenterMovies.framework; sourceTree = BUILT_PRODUCTS_DIR; };
		A5275C872B790B0D0045A61B /* CenterMovies.app */ = {isa = PBXFileReference; explicitFileType = wrapper.application; includeInIndex = 0; path = CenterMovies.app; sourceTree = BUILT_PRODUCTS_DIR; };
		A5275C8A2B790B0D0045A61B /* AppDelegate.swift */ = {isa = PBXFileReference; lastKnownFileType = sourcecode.swift; path = AppDelegate.swift; sourceTree = "<group>"; };
		A5275C8C2B790B0D0045A61B /* SceneDelegate.swift */ = {isa = PBXFileReference; lastKnownFileType = sourcecode.swift; path = SceneDelegate.swift; sourceTree = "<group>"; };
		A5275C8E2B790B0D0045A61B /* ViewController.swift */ = {isa = PBXFileReference; lastKnownFileType = sourcecode.swift; path = ViewController.swift; sourceTree = "<group>"; };
		A5275C912B790B0D0045A61B /* Base */ = {isa = PBXFileReference; lastKnownFileType = file.storyboard; name = Base; path = Base.lproj/Main.storyboard; sourceTree = "<group>"; };
		A5275C932B790B0E0045A61B /* Assets.xcassets */ = {isa = PBXFileReference; lastKnownFileType = folder.assetcatalog; path = Assets.xcassets; sourceTree = "<group>"; };
		A5275C962B790B0E0045A61B /* Base */ = {isa = PBXFileReference; lastKnownFileType = file.storyboard; name = Base; path = Base.lproj/LaunchScreen.storyboard; sourceTree = "<group>"; };
		A5275C982B790B0E0045A61B /* Info.plist */ = {isa = PBXFileReference; lastKnownFileType = text.plist.xml; path = Info.plist; sourceTree = "<group>"; };
		A5275C9D2B790B0E0045A61B /* CenterMoviesTests.xctest */ = {isa = PBXFileReference; explicitFileType = wrapper.cfbundle; includeInIndex = 0; path = CenterMoviesTests.xctest; sourceTree = BUILT_PRODUCTS_DIR; };
		A5275CA12B790B0E0045A61B /* CenterMoviesTests.swift */ = {isa = PBXFileReference; lastKnownFileType = sourcecode.swift; path = CenterMoviesTests.swift; sourceTree = "<group>"; };
		A5275CA72B790B0E0045A61B /* CenterMoviesUITests.xctest */ = {isa = PBXFileReference; explicitFileType = wrapper.cfbundle; includeInIndex = 0; path = CenterMoviesUITests.xctest; sourceTree = BUILT_PRODUCTS_DIR; };
		A5275CAB2B790B0E0045A61B /* CenterMoviesUITests.swift */ = {isa = PBXFileReference; lastKnownFileType = sourcecode.swift; path = CenterMoviesUITests.swift; sourceTree = "<group>"; };
		A5275CAD2B790B0E0045A61B /* CenterMoviesUITestsLaunchTests.swift */ = {isa = PBXFileReference; lastKnownFileType = sourcecode.swift; path = CenterMoviesUITestsLaunchTests.swift; sourceTree = "<group>"; };
		A5275CBE2B7913B50045A61B /* Service.swift */ = {isa = PBXFileReference; lastKnownFileType = sourcecode.swift; path = Service.swift; sourceTree = "<group>"; };
		A5275CC22B7913DC0045A61B /* MainView.swift */ = {isa = PBXFileReference; lastKnownFileType = sourcecode.swift; path = MainView.swift; sourceTree = "<group>"; };
		A5275CC42B79140E0045A61B /* MainViewModel.swift */ = {isa = PBXFileReference; lastKnownFileType = sourcecode.swift; path = MainViewModel.swift; sourceTree = "<group>"; };
		A5275CC62B7914610045A61B /* MainViewController.swift */ = {isa = PBXFileReference; lastKnownFileType = sourcecode.swift; path = MainViewController.swift; sourceTree = "<group>"; };
		A5275CCE2B794C8D0045A61B /* Model.swift */ = {isa = PBXFileReference; lastKnownFileType = sourcecode.swift; path = Model.swift; sourceTree = "<group>"; };
		B19BE21E5345680545083B62 /* Pods-CenterMoviesTests.debug.xcconfig */ = {isa = PBXFileReference; includeInIndex = 1; lastKnownFileType = text.xcconfig; name = "Pods-CenterMoviesTests.debug.xcconfig"; path = "Target Support Files/Pods-CenterMoviesTests/Pods-CenterMoviesTests.debug.xcconfig"; sourceTree = "<group>"; };
		C4FC113416E5AED8788BA986 /* Pods-CenterMovies.release.xcconfig */ = {isa = PBXFileReference; includeInIndex = 1; lastKnownFileType = text.xcconfig; name = "Pods-CenterMovies.release.xcconfig"; path = "Target Support Files/Pods-CenterMovies/Pods-CenterMovies.release.xcconfig"; sourceTree = "<group>"; };
		F9CD26E198BCC0CC5F019556 /* Pods_CenterMovies_CenterMoviesUITests.framework */ = {isa = PBXFileReference; explicitFileType = wrapper.framework; includeInIndex = 0; path = Pods_CenterMovies_CenterMoviesUITests.framework; sourceTree = BUILT_PRODUCTS_DIR; };
/* End PBXFileReference section */

/* Begin PBXFrameworksBuildPhase section */
		A5275C842B790B0D0045A61B /* Frameworks */ = {
			isa = PBXFrameworksBuildPhase;
			buildActionMask = 2147483647;
			files = (
				46001CBAFC297BCC786A3024 /* Pods_CenterMovies.framework in Frameworks */,
			);
			runOnlyForDeploymentPostprocessing = 0;
		};
		A5275C9A2B790B0E0045A61B /* Frameworks */ = {
			isa = PBXFrameworksBuildPhase;
			buildActionMask = 2147483647;
			files = (
				51DB6F36BCFB8D68A4F7E899 /* Pods_CenterMoviesTests.framework in Frameworks */,
			);
			runOnlyForDeploymentPostprocessing = 0;
		};
		A5275CA42B790B0E0045A61B /* Frameworks */ = {
			isa = PBXFrameworksBuildPhase;
			buildActionMask = 2147483647;
			files = (
				C229AB035EA06BB5C9FD8056 /* Pods_CenterMovies_CenterMoviesUITests.framework in Frameworks */,
			);
			runOnlyForDeploymentPostprocessing = 0;
		};
/* End PBXFrameworksBuildPhase section */

/* Begin PBXGroup section */
		1F2B5DE5EB3CCA88490C5EE4 /* Pods */ = {
			isa = PBXGroup;
			children = (
				110324B2A5346F53CB6D1D2D /* Pods-CenterMovies.debug.xcconfig */,
				C4FC113416E5AED8788BA986 /* Pods-CenterMovies.release.xcconfig */,
				625BDBBB49389583B6D57ACF /* Pods-CenterMovies-CenterMoviesUITests.debug.xcconfig */,
				1C350DB8F2B1479EB1EC1F81 /* Pods-CenterMovies-CenterMoviesUITests.release.xcconfig */,
				B19BE21E5345680545083B62 /* Pods-CenterMoviesTests.debug.xcconfig */,
				4D0276A215AD01C0F7A20D1B /* Pods-CenterMoviesTests.release.xcconfig */,
			);
			path = Pods;
			sourceTree = "<group>";
		};
		96E0976C87BAB1C5F767DF1E /* Frameworks */ = {
			isa = PBXGroup;
			children = (
				A35614EC28FE84DB1A60D2A5 /* Pods_CenterMovies.framework */,
				F9CD26E198BCC0CC5F019556 /* Pods_CenterMovies_CenterMoviesUITests.framework */,
				9B21E38416F6951A1F4023ED /* Pods_CenterMoviesTests.framework */,
			);
			name = Frameworks;
			sourceTree = "<group>";
		};
		A5275C7E2B790B0D0045A61B = {
			isa = PBXGroup;
			children = (
				A5275C892B790B0D0045A61B /* CenterMovies */,
				A5275CA02B790B0E0045A61B /* CenterMoviesTests */,
				A5275CAA2B790B0E0045A61B /* CenterMoviesUITests */,
				A5275C882B790B0D0045A61B /* Products */,
				1F2B5DE5EB3CCA88490C5EE4 /* Pods */,
				96E0976C87BAB1C5F767DF1E /* Frameworks */,
			);
			sourceTree = "<group>";
		};
		A5275C882B790B0D0045A61B /* Products */ = {
			isa = PBXGroup;
			children = (
				A5275C872B790B0D0045A61B /* CenterMovies.app */,
				A5275C9D2B790B0E0045A61B /* CenterMoviesTests.xctest */,
				A5275CA72B790B0E0045A61B /* CenterMoviesUITests.xctest */,
			);
			name = Products;
			sourceTree = "<group>";
		};
		A5275C892B790B0D0045A61B /* CenterMovies */ = {
			isa = PBXGroup;
			children = (
				A5275CD02B794D010045A61B /* Delegates */,
				A5275CBD2B790B940045A61B /* Main-ViewModels */,
				A5275CBC2B790B8A0045A61B /* Models */,
				A5275CBB2B790B680045A61B /* Services */,
				A5275CBA2B790B4B0045A61B /* Main-Views */,
			);
			path = CenterMovies;
			sourceTree = "<group>";
		};
		A5275CA02B790B0E0045A61B /* CenterMoviesTests */ = {
			isa = PBXGroup;
			children = (
				A5275CA12B790B0E0045A61B /* CenterMoviesTests.swift */,
			);
			path = CenterMoviesTests;
			sourceTree = "<group>";
		};
		A5275CAA2B790B0E0045A61B /* CenterMoviesUITests */ = {
			isa = PBXGroup;
			children = (
				A5275CAB2B790B0E0045A61B /* CenterMoviesUITests.swift */,
				A5275CAD2B790B0E0045A61B /* CenterMoviesUITestsLaunchTests.swift */,
			);
			path = CenterMoviesUITests;
			sourceTree = "<group>";
		};
		A5275CBA2B790B4B0045A61B /* Main-Views */ = {
			isa = PBXGroup;
			children = (
				A5275CC22B7913DC0045A61B /* MainView.swift */,
				A5275CC62B7914610045A61B /* MainViewController.swift */,
			);
			path = "Main-Views";
			sourceTree = "<group>";
		};
		A5275CBB2B790B680045A61B /* Services */ = {
			isa = PBXGroup;
			children = (
				A5275CBE2B7913B50045A61B /* Service.swift */,
			);
			path = Services;
			sourceTree = "<group>";
		};
		A5275CBC2B790B8A0045A61B /* Models */ = {
			isa = PBXGroup;
			children = (
				A5275CCE2B794C8D0045A61B /* Model.swift */,
			);
			path = Models;
			sourceTree = "<group>";
		};
		A5275CBD2B790B940045A61B /* Main-ViewModels */ = {
			isa = PBXGroup;
			children = (
				A5275CC42B79140E0045A61B /* MainViewModel.swift */,
			);
			path = "Main-ViewModels";
			sourceTree = "<group>";
		};
		A5275CD02B794D010045A61B /* Delegates */ = {
			isa = PBXGroup;
			children = (
				A5275C8A2B790B0D0045A61B /* AppDelegate.swift */,
				A5275C8C2B790B0D0045A61B /* SceneDelegate.swift */,
				A5275C8E2B790B0D0045A61B /* ViewController.swift */,
				A5275C902B790B0D0045A61B /* Main.storyboard */,
				A5275C932B790B0E0045A61B /* Assets.xcassets */,
				A5275C952B790B0E0045A61B /* LaunchScreen.storyboard */,
				A5275C982B790B0E0045A61B /* Info.plist */,
			);
			path = Delegates;
			sourceTree = "<group>";
		};
/* End PBXGroup section */

/* Begin PBXNativeTarget section */
		A5275C862B790B0D0045A61B /* CenterMovies */ = {
			isa = PBXNativeTarget;
			buildConfigurationList = A5275CB12B790B0E0045A61B /* Build configuration list for PBXNativeTarget "CenterMovies" */;
			buildPhases = (
				1D3F794F8684336DEE294267 /* [CP] Check Pods Manifest.lock */,
				A5275C832B790B0D0045A61B /* Sources */,
				A5275C842B790B0D0045A61B /* Frameworks */,
				A5275C852B790B0D0045A61B /* Resources */,
				1EE277AE94D7FC6E0C90562A /* [CP] Embed Pods Frameworks */,
			);
			buildRules = (
			);
			dependencies = (
			);
			name = CenterMovies;
			productName = CenterMovies;
			productReference = A5275C872B790B0D0045A61B /* CenterMovies.app */;
			productType = "com.apple.product-type.application";
		};
		A5275C9C2B790B0E0045A61B /* CenterMoviesTests */ = {
			isa = PBXNativeTarget;
			buildConfigurationList = A5275CB42B790B0E0045A61B /* Build configuration list for PBXNativeTarget "CenterMoviesTests" */;
			buildPhases = (
				B141615D90B62BCD7F90A0C6 /* [CP] Check Pods Manifest.lock */,
				A5275C992B790B0E0045A61B /* Sources */,
				A5275C9A2B790B0E0045A61B /* Frameworks */,
				A5275C9B2B790B0E0045A61B /* Resources */,
			);
			buildRules = (
			);
			dependencies = (
				A5275C9F2B790B0E0045A61B /* PBXTargetDependency */,
			);
			name = CenterMoviesTests;
			productName = CenterMoviesTests;
			productReference = A5275C9D2B790B0E0045A61B /* CenterMoviesTests.xctest */;
			productType = "com.apple.product-type.bundle.unit-test";
		};
		A5275CA62B790B0E0045A61B /* CenterMoviesUITests */ = {
			isa = PBXNativeTarget;
			buildConfigurationList = A5275CB72B790B0E0045A61B /* Build configuration list for PBXNativeTarget "CenterMoviesUITests" */;
			buildPhases = (
				917A68B65FC7409191F501DE /* [CP] Check Pods Manifest.lock */,
				A5275CA32B790B0E0045A61B /* Sources */,
				A5275CA42B790B0E0045A61B /* Frameworks */,
				A5275CA52B790B0E0045A61B /* Resources */,
				E47727B1B93B5B8F69AE3200 /* [CP] Embed Pods Frameworks */,
			);
			buildRules = (
			);
			dependencies = (
				A5275CA92B790B0E0045A61B /* PBXTargetDependency */,
			);
			name = CenterMoviesUITests;
			productName = CenterMoviesUITests;
			productReference = A5275CA72B790B0E0045A61B /* CenterMoviesUITests.xctest */;
			productType = "com.apple.product-type.bundle.ui-testing";
		};
/* End PBXNativeTarget section */

/* Begin PBXProject section */
		A5275C7F2B790B0D0045A61B /* Project object */ = {
			isa = PBXProject;
			attributes = {
				BuildIndependentTargetsInParallel = 1;
				LastSwiftUpdateCheck = 1520;
				LastUpgradeCheck = 1520;
				TargetAttributes = {
					A5275C862B790B0D0045A61B = {
						CreatedOnToolsVersion = 15.2;
					};
					A5275C9C2B790B0E0045A61B = {
						CreatedOnToolsVersion = 15.2;
						TestTargetID = A5275C862B790B0D0045A61B;
					};
					A5275CA62B790B0E0045A61B = {
						CreatedOnToolsVersion = 15.2;
						TestTargetID = A5275C862B790B0D0045A61B;
					};
				};
			};
			buildConfigurationList = A5275C822B790B0D0045A61B /* Build configuration list for PBXProject "CenterMovies" */;
			compatibilityVersion = "Xcode 14.0";
			developmentRegion = en;
			hasScannedForEncodings = 0;
			knownRegions = (
				en,
				Base,
			);
			mainGroup = A5275C7E2B790B0D0045A61B;
			productRefGroup = A5275C882B790B0D0045A61B /* Products */;
			projectDirPath = "";
			projectRoot = "";
			targets = (
				A5275C862B790B0D0045A61B /* CenterMovies */,
				A5275C9C2B790B0E0045A61B /* CenterMoviesTests */,
				A5275CA62B790B0E0045A61B /* CenterMoviesUITests */,
			);
		};
/* End PBXProject section */

/* Begin PBXResourcesBuildPhase section */
		A5275C852B790B0D0045A61B /* Resources */ = {
			isa = PBXResourcesBuildPhase;
			buildActionMask = 2147483647;
			files = (
				A5275C972B790B0E0045A61B /* LaunchScreen.storyboard in Resources */,
				A5275C942B790B0E0045A61B /* Assets.xcassets in Resources */,
				A5275C922B790B0D0045A61B /* Main.storyboard in Resources */,
			);
			runOnlyForDeploymentPostprocessing = 0;
		};
		A5275C9B2B790B0E0045A61B /* Resources */ = {
			isa = PBXResourcesBuildPhase;
			buildActionMask = 2147483647;
			files = (
			);
			runOnlyForDeploymentPostprocessing = 0;
		};
		A5275CA52B790B0E0045A61B /* Resources */ = {
			isa = PBXResourcesBuildPhase;
			buildActionMask = 2147483647;
			files = (
			);
			runOnlyForDeploymentPostprocessing = 0;
		};
/* End PBXResourcesBuildPhase section */

/* Begin PBXShellScriptBuildPhase section */
		1D3F794F8684336DEE294267 /* [CP] Check Pods Manifest.lock */ = {
			isa = PBXShellScriptBuildPhase;
			buildActionMask = 2147483647;
			files = (
			);
			inputFileListPaths = (
			);
			inputPaths = (
				"${PODS_PODFILE_DIR_PATH}/Podfile.lock",
				"${PODS_ROOT}/Manifest.lock",
			);
			name = "[CP] Check Pods Manifest.lock";
			outputFileListPaths = (
			);
			outputPaths = (
				"$(DERIVED_FILE_DIR)/Pods-CenterMovies-checkManifestLockResult.txt",
			);
			runOnlyForDeploymentPostprocessing = 0;
			shellPath = /bin/sh;
			shellScript = "diff \"${PODS_PODFILE_DIR_PATH}/Podfile.lock\" \"${PODS_ROOT}/Manifest.lock\" > /dev/null\nif [ $? != 0 ] ; then\n    # print error to STDERR\n    echo \"error: The sandbox is not in sync with the Podfile.lock. Run 'pod install' or update your CocoaPods installation.\" >&2\n    exit 1\nfi\n# This output is used by Xcode 'outputs' to avoid re-running this script phase.\necho \"SUCCESS\" > \"${SCRIPT_OUTPUT_FILE_0}\"\n";
			showEnvVarsInLog = 0;
		};
		1EE277AE94D7FC6E0C90562A /* [CP] Embed Pods Frameworks */ = {
			isa = PBXShellScriptBuildPhase;
			buildActionMask = 2147483647;
			files = (
			);
			inputFileListPaths = (
				"${PODS_ROOT}/Target Support Files/Pods-CenterMovies/Pods-CenterMovies-frameworks-${CONFIGURATION}-input-files.xcfilelist",
			);
			name = "[CP] Embed Pods Frameworks";
			outputFileListPaths = (
				"${PODS_ROOT}/Target Support Files/Pods-CenterMovies/Pods-CenterMovies-frameworks-${CONFIGURATION}-output-files.xcfilelist",
			);
			runOnlyForDeploymentPostprocessing = 0;
			shellPath = /bin/sh;
			shellScript = "\"${PODS_ROOT}/Target Support Files/Pods-CenterMovies/Pods-CenterMovies-frameworks.sh\"\n";
			showEnvVarsInLog = 0;
		};
		917A68B65FC7409191F501DE /* [CP] Check Pods Manifest.lock */ = {
			isa = PBXShellScriptBuildPhase;
			buildActionMask = 2147483647;
			files = (
			);
			inputFileListPaths = (
			);
			inputPaths = (
				"${PODS_PODFILE_DIR_PATH}/Podfile.lock",
				"${PODS_ROOT}/Manifest.lock",
			);
			name = "[CP] Check Pods Manifest.lock";
			outputFileListPaths = (
			);
			outputPaths = (
				"$(DERIVED_FILE_DIR)/Pods-CenterMovies-CenterMoviesUITests-checkManifestLockResult.txt",
			);
			runOnlyForDeploymentPostprocessing = 0;
			shellPath = /bin/sh;
			shellScript = "diff \"${PODS_PODFILE_DIR_PATH}/Podfile.lock\" \"${PODS_ROOT}/Manifest.lock\" > /dev/null\nif [ $? != 0 ] ; then\n    # print error to STDERR\n    echo \"error: The sandbox is not in sync with the Podfile.lock. Run 'pod install' or update your CocoaPods installation.\" >&2\n    exit 1\nfi\n# This output is used by Xcode 'outputs' to avoid re-running this script phase.\necho \"SUCCESS\" > \"${SCRIPT_OUTPUT_FILE_0}\"\n";
			showEnvVarsInLog = 0;
		};
		B141615D90B62BCD7F90A0C6 /* [CP] Check Pods Manifest.lock */ = {
			isa = PBXShellScriptBuildPhase;
			buildActionMask = 2147483647;
			files = (
			);
			inputFileListPaths = (
			);
			inputPaths = (
				"${PODS_PODFILE_DIR_PATH}/Podfile.lock",
				"${PODS_ROOT}/Manifest.lock",
			);
			name = "[CP] Check Pods Manifest.lock";
			outputFileListPaths = (
			);
			outputPaths = (
				"$(DERIVED_FILE_DIR)/Pods-CenterMoviesTests-checkManifestLockResult.txt",
			);
			runOnlyForDeploymentPostprocessing = 0;
			shellPath = /bin/sh;
			shellScript = "diff \"${PODS_PODFILE_DIR_PATH}/Podfile.lock\" \"${PODS_ROOT}/Manifest.lock\" > /dev/null\nif [ $? != 0 ] ; then\n    # print error to STDERR\n    echo \"error: The sandbox is not in sync with the Podfile.lock. Run 'pod install' or update your CocoaPods installation.\" >&2\n    exit 1\nfi\n# This output is used by Xcode 'outputs' to avoid re-running this script phase.\necho \"SUCCESS\" > \"${SCRIPT_OUTPUT_FILE_0}\"\n";
			showEnvVarsInLog = 0;
		};
		E47727B1B93B5B8F69AE3200 /* [CP] Embed Pods Frameworks */ = {
			isa = PBXShellScriptBuildPhase;
			buildActionMask = 2147483647;
			files = (
			);
			inputFileListPaths = (
				"${PODS_ROOT}/Target Support Files/Pods-CenterMovies-CenterMoviesUITests/Pods-CenterMovies-CenterMoviesUITests-frameworks-${CONFIGURATION}-input-files.xcfilelist",
			);
			name = "[CP] Embed Pods Frameworks";
			outputFileListPaths = (
				"${PODS_ROOT}/Target Support Files/Pods-CenterMovies-CenterMoviesUITests/Pods-CenterMovies-CenterMoviesUITests-frameworks-${CONFIGURATION}-output-files.xcfilelist",
			);
			runOnlyForDeploymentPostprocessing = 0;
			shellPath = /bin/sh;
			shellScript = "\"${PODS_ROOT}/Target Support Files/Pods-CenterMovies-CenterMoviesUITests/Pods-CenterMovies-CenterMoviesUITests-frameworks.sh\"\n";
			showEnvVarsInLog = 0;
		};
/* End PBXShellScriptBuildPhase section */

/* Begin PBXSourcesBuildPhase section */
		A5275C832B790B0D0045A61B /* Sources */ = {
			isa = PBXSourcesBuildPhase;
			buildActionMask = 2147483647;
			files = (
				A5275CC72B7914610045A61B /* MainViewController.swift in Sources */,
				A5275C8F2B790B0D0045A61B /* ViewController.swift in Sources */,
				A5275CBF2B7913B50045A61B /* Service.swift in Sources */,
				A5275C8B2B790B0D0045A61B /* AppDelegate.swift in Sources */,
				A5275CC52B79140E0045A61B /* MainViewModel.swift in Sources */,
				A5275CC32B7913DC0045A61B /* MainView.swift in Sources */,
				A5275C8D2B790B0D0045A61B /* SceneDelegate.swift in Sources */,
				A5275CCF2B794C8D0045A61B /* Model.swift in Sources */,
			);
			runOnlyForDeploymentPostprocessing = 0;
		};
		A5275C992B790B0E0045A61B /* Sources */ = {
			isa = PBXSourcesBuildPhase;
			buildActionMask = 2147483647;
			files = (
				A5275CA22B790B0E0045A61B /* CenterMoviesTests.swift in Sources */,
			);
			runOnlyForDeploymentPostprocessing = 0;
		};
		A5275CA32B790B0E0045A61B /* Sources */ = {
			isa = PBXSourcesBuildPhase;
			buildActionMask = 2147483647;
			files = (
				A5275CAE2B790B0E0045A61B /* CenterMoviesUITestsLaunchTests.swift in Sources */,
				A5275CAC2B790B0E0045A61B /* CenterMoviesUITests.swift in Sources */,
			);
			runOnlyForDeploymentPostprocessing = 0;
		};
/* End PBXSourcesBuildPhase section */

/* Begin PBXTargetDependency section */
		A5275C9F2B790B0E0045A61B /* PBXTargetDependency */ = {
			isa = PBXTargetDependency;
			target = A5275C862B790B0D0045A61B /* CenterMovies */;
			targetProxy = A5275C9E2B790B0E0045A61B /* PBXContainerItemProxy */;
		};
		A5275CA92B790B0E0045A61B /* PBXTargetDependency */ = {
			isa = PBXTargetDependency;
			target = A5275C862B790B0D0045A61B /* CenterMovies */;
			targetProxy = A5275CA82B790B0E0045A61B /* PBXContainerItemProxy */;
		};
/* End PBXTargetDependency section */

/* Begin PBXVariantGroup section */
		A5275C902B790B0D0045A61B /* Main.storyboard */ = {
			isa = PBXVariantGroup;
			children = (
				A5275C912B790B0D0045A61B /* Base */,
			);
			name = Main.storyboard;
			sourceTree = "<group>";
		};
		A5275C952B790B0E0045A61B /* LaunchScreen.storyboard */ = {
			isa = PBXVariantGroup;
			children = (
				A5275C962B790B0E0045A61B /* Base */,
			);
			name = LaunchScreen.storyboard;
			sourceTree = "<group>";
		};
/* End PBXVariantGroup section */

/* Begin XCBuildConfiguration section */
		A5275CAF2B790B0E0045A61B /* Debug */ = {
			isa = XCBuildConfiguration;
			buildSettings = {
				ALWAYS_SEARCH_USER_PATHS = NO;
				ASSETCATALOG_COMPILER_GENERATE_SWIFT_ASSET_SYMBOL_EXTENSIONS = YES;
				CLANG_ANALYZER_NONNULL = YES;
				CLANG_ANALYZER_NUMBER_OBJECT_CONVERSION = YES_AGGRESSIVE;
				CLANG_CXX_LANGUAGE_STANDARD = "gnu++20";
				CLANG_ENABLE_MODULES = YES;
				CLANG_ENABLE_OBJC_ARC = YES;
				CLANG_ENABLE_OBJC_WEAK = YES;
				CLANG_WARN_BLOCK_CAPTURE_AUTORELEASING = YES;
				CLANG_WARN_BOOL_CONVERSION = YES;
				CLANG_WARN_COMMA = YES;
				CLANG_WARN_CONSTANT_CONVERSION = YES;
				CLANG_WARN_DEPRECATED_OBJC_IMPLEMENTATIONS = YES;
				CLANG_WARN_DIRECT_OBJC_ISA_USAGE = YES_ERROR;
				CLANG_WARN_DOCUMENTATION_COMMENTS = YES;
				CLANG_WARN_EMPTY_BODY = YES;
				CLANG_WARN_ENUM_CONVERSION = YES;
				CLANG_WARN_INFINITE_RECURSION = YES;
				CLANG_WARN_INT_CONVERSION = YES;
				CLANG_WARN_NON_LITERAL_NULL_CONVERSION = YES;
				CLANG_WARN_OBJC_IMPLICIT_RETAIN_SELF = YES;
				CLANG_WARN_OBJC_LITERAL_CONVERSION = YES;
				CLANG_WARN_OBJC_ROOT_CLASS = YES_ERROR;
				CLANG_WARN_QUOTED_INCLUDE_IN_FRAMEWORK_HEADER = YES;
				CLANG_WARN_RANGE_LOOP_ANALYSIS = YES;
				CLANG_WARN_STRICT_PROTOTYPES = YES;
				CLANG_WARN_SUSPICIOUS_MOVE = YES;
				CLANG_WARN_UNGUARDED_AVAILABILITY = YES_AGGRESSIVE;
				CLANG_WARN_UNREACHABLE_CODE = YES;
				CLANG_WARN__DUPLICATE_METHOD_MATCH = YES;
				COPY_PHASE_STRIP = NO;
				DEBUG_INFORMATION_FORMAT = dwarf;
				ENABLE_STRICT_OBJC_MSGSEND = YES;
				ENABLE_TESTABILITY = YES;
				ENABLE_USER_SCRIPT_SANDBOXING = YES;
				GCC_C_LANGUAGE_STANDARD = gnu17;
				GCC_DYNAMIC_NO_PIC = NO;
				GCC_NO_COMMON_BLOCKS = YES;
				GCC_OPTIMIZATION_LEVEL = 0;
				GCC_PREPROCESSOR_DEFINITIONS = (
					"DEBUG=1",
					"$(inherited)",
				);
				GCC_WARN_64_TO_32_BIT_CONVERSION = YES;
				GCC_WARN_ABOUT_RETURN_TYPE = YES_ERROR;
				GCC_WARN_UNDECLARED_SELECTOR = YES;
				GCC_WARN_UNINITIALIZED_AUTOS = YES_AGGRESSIVE;
				GCC_WARN_UNUSED_FUNCTION = YES;
				GCC_WARN_UNUSED_VARIABLE = YES;
				IPHONEOS_DEPLOYMENT_TARGET = 17.2;
				LOCALIZATION_PREFERS_STRING_CATALOGS = YES;
				MTL_ENABLE_DEBUG_INFO = INCLUDE_SOURCE;
				MTL_FAST_MATH = YES;
				ONLY_ACTIVE_ARCH = YES;
				SDKROOT = iphoneos;
				SWIFT_ACTIVE_COMPILATION_CONDITIONS = "DEBUG $(inherited)";
				SWIFT_OPTIMIZATION_LEVEL = "-Onone";
			};
			name = Debug;
		};
		A5275CB02B790B0E0045A61B /* Release */ = {
			isa = XCBuildConfiguration;
			buildSettings = {
				ALWAYS_SEARCH_USER_PATHS = NO;
				ASSETCATALOG_COMPILER_GENERATE_SWIFT_ASSET_SYMBOL_EXTENSIONS = YES;
				CLANG_ANALYZER_NONNULL = YES;
				CLANG_ANALYZER_NUMBER_OBJECT_CONVERSION = YES_AGGRESSIVE;
				CLANG_CXX_LANGUAGE_STANDARD = "gnu++20";
				CLANG_ENABLE_MODULES = YES;
				CLANG_ENABLE_OBJC_ARC = YES;
				CLANG_ENABLE_OBJC_WEAK = YES;
				CLANG_WARN_BLOCK_CAPTURE_AUTORELEASING = YES;
				CLANG_WARN_BOOL_CONVERSION = YES;
				CLANG_WARN_COMMA = YES;
				CLANG_WARN_CONSTANT_CONVERSION = YES;
				CLANG_WARN_DEPRECATED_OBJC_IMPLEMENTATIONS = YES;
				CLANG_WARN_DIRECT_OBJC_ISA_USAGE = YES_ERROR;
				CLANG_WARN_DOCUMENTATION_COMMENTS = YES;
				CLANG_WARN_EMPTY_BODY = YES;
				CLANG_WARN_ENUM_CONVERSION = YES;
				CLANG_WARN_INFINITE_RECURSION = YES;
				CLANG_WARN_INT_CONVERSION = YES;
				CLANG_WARN_NON_LITERAL_NULL_CONVERSION = YES;
				CLANG_WARN_OBJC_IMPLICIT_RETAIN_SELF = YES;
				CLANG_WARN_OBJC_LITERAL_CONVERSION = YES;
				CLANG_WARN_OBJC_ROOT_CLASS = YES_ERROR;
				CLANG_WARN_QUOTED_INCLUDE_IN_FRAMEWORK_HEADER = YES;
				CLANG_WARN_RANGE_LOOP_ANALYSIS = YES;
				CLANG_WARN_STRICT_PROTOTYPES = YES;
				CLANG_WARN_SUSPICIOUS_MOVE = YES;
				CLANG_WARN_UNGUARDED_AVAILABILITY = YES_AGGRESSIVE;
				CLANG_WARN_UNREACHABLE_CODE = YES;
				CLANG_WARN__DUPLICATE_METHOD_MATCH = YES;
				COPY_PHASE_STRIP = NO;
				DEBUG_INFORMATION_FORMAT = "dwarf-with-dsym";
				ENABLE_NS_ASSERTIONS = NO;
				ENABLE_STRICT_OBJC_MSGSEND = YES;
				ENABLE_USER_SCRIPT_SANDBOXING = YES;
				GCC_C_LANGUAGE_STANDARD = gnu17;
				GCC_NO_COMMON_BLOCKS = YES;
				GCC_WARN_64_TO_32_BIT_CONVERSION = YES;
				GCC_WARN_ABOUT_RETURN_TYPE = YES_ERROR;
				GCC_WARN_UNDECLARED_SELECTOR = YES;
				GCC_WARN_UNINITIALIZED_AUTOS = YES_AGGRESSIVE;
				GCC_WARN_UNUSED_FUNCTION = YES;
				GCC_WARN_UNUSED_VARIABLE = YES;
				IPHONEOS_DEPLOYMENT_TARGET = 17.2;
				LOCALIZATION_PREFERS_STRING_CATALOGS = YES;
				MTL_ENABLE_DEBUG_INFO = NO;
				MTL_FAST_MATH = YES;
				SDKROOT = iphoneos;
				SWIFT_COMPILATION_MODE = wholemodule;
				VALIDATE_PRODUCT = YES;
			};
			name = Release;
		};
		A5275CB22B790B0E0045A61B /* Debug */ = {
			isa = XCBuildConfiguration;
			baseConfigurationReference = 110324B2A5346F53CB6D1D2D /* Pods-CenterMovies.debug.xcconfig */;
			buildSettings = {
				ASSETCATALOG_COMPILER_APPICON_NAME = AppIcon;
				ASSETCATALOG_COMPILER_GLOBAL_ACCENT_COLOR_NAME = AccentColor;
				CODE_SIGN_STYLE = Automatic;
				CURRENT_PROJECT_VERSION = 1;
				DEVELOPMENT_TEAM = 6HX5P2M97J;
				GENERATE_INFOPLIST_FILE = YES;
				INFOPLIST_FILE = CenterMovies/Info.plist;
				INFOPLIST_KEY_UIApplicationSupportsIndirectInputEvents = YES;
				INFOPLIST_KEY_UILaunchStoryboardName = LaunchScreen;
				INFOPLIST_KEY_UIMainStoryboardFile = Main;
				INFOPLIST_KEY_UISupportedInterfaceOrientations_iPad = "UIInterfaceOrientationPortrait UIInterfaceOrientationPortraitUpsideDown UIInterfaceOrientationLandscapeLeft UIInterfaceOrientationLandscapeRight";
				INFOPLIST_KEY_UISupportedInterfaceOrientations_iPhone = "UIInterfaceOrientationPortrait UIInterfaceOrientationLandscapeLeft UIInterfaceOrientationLandscapeRight";
				LD_RUNPATH_SEARCH_PATHS = (
					"$(inherited)",
					"@executable_path/Frameworks",
				);
				MARKETING_VERSION = 1.0;
				PRODUCT_BUNDLE_IDENTIFIER = Anilkaramis.CenterMovies;
				PRODUCT_NAME = "$(TARGET_NAME)";
				SWIFT_EMIT_LOC_STRINGS = YES;
				SWIFT_VERSION = 5.0;
				TARGETED_DEVICE_FAMILY = "1,2";
			};
			name = Debug;
		};
		A5275CB32B790B0E0045A61B /* Release */ = {
			isa = XCBuildConfiguration;
			baseConfigurationReference = C4FC113416E5AED8788BA986 /* Pods-CenterMovies.release.xcconfig */;
			buildSettings = {
				ASSETCATALOG_COMPILER_APPICON_NAME = AppIcon;
				ASSETCATALOG_COMPILER_GLOBAL_ACCENT_COLOR_NAME = AccentColor;
				CODE_SIGN_STYLE = Automatic;
				CURRENT_PROJECT_VERSION = 1;
				DEVELOPMENT_TEAM = 6HX5P2M97J;
				GENERATE_INFOPLIST_FILE = YES;
				INFOPLIST_FILE = CenterMovies/Info.plist;
				INFOPLIST_KEY_UIApplicationSupportsIndirectInputEvents = YES;
				INFOPLIST_KEY_UILaunchStoryboardName = LaunchScreen;
				INFOPLIST_KEY_UIMainStoryboardFile = Main;
				INFOPLIST_KEY_UISupportedInterfaceOrientations_iPad = "UIInterfaceOrientationPortrait UIInterfaceOrientationPortraitUpsideDown UIInterfaceOrientationLandscapeLeft UIInterfaceOrientationLandscapeRight";
				INFOPLIST_KEY_UISupportedInterfaceOrientations_iPhone = "UIInterfaceOrientationPortrait UIInterfaceOrientationLandscapeLeft UIInterfaceOrientationLandscapeRight";
				LD_RUNPATH_SEARCH_PATHS = (
					"$(inherited)",
					"@executable_path/Frameworks",
				);
				MARKETING_VERSION = 1.0;
				PRODUCT_BUNDLE_IDENTIFIER = Anilkaramis.CenterMovies;
				PRODUCT_NAME = "$(TARGET_NAME)";
				SWIFT_EMIT_LOC_STRINGS = YES;
				SWIFT_VERSION = 5.0;
				TARGETED_DEVICE_FAMILY = "1,2";
			};
			name = Release;
		};
		A5275CB52B790B0E0045A61B /* Debug */ = {
			isa = XCBuildConfiguration;
			baseConfigurationReference = B19BE21E5345680545083B62 /* Pods-CenterMoviesTests.debug.xcconfig */;
			buildSettings = {
				ALWAYS_EMBED_SWIFT_STANDARD_LIBRARIES = YES;
				BUNDLE_LOADER = "$(TEST_HOST)";
				CODE_SIGN_STYLE = Automatic;
				CURRENT_PROJECT_VERSION = 1;
				DEVELOPMENT_TEAM = 6HX5P2M97J;
				GENERATE_INFOPLIST_FILE = YES;
				IPHONEOS_DEPLOYMENT_TARGET = 17.2;
				MARKETING_VERSION = 1.0;
				PRODUCT_BUNDLE_IDENTIFIER = Anilkaramis.CenterMoviesTests;
				PRODUCT_NAME = "$(TARGET_NAME)";
				SWIFT_EMIT_LOC_STRINGS = NO;
				SWIFT_VERSION = 5.0;
				TARGETED_DEVICE_FAMILY = "1,2";
				TEST_HOST = "$(BUILT_PRODUCTS_DIR)/CenterMovies.app/$(BUNDLE_EXECUTABLE_FOLDER_PATH)/CenterMovies";
			};
			name = Debug;
		};
		A5275CB62B790B0E0045A61B /* Release */ = {
			isa = XCBuildConfiguration;
			baseConfigurationReference = 4D0276A215AD01C0F7A20D1B /* Pods-CenterMoviesTests.release.xcconfig */;
			buildSettings = {
				ALWAYS_EMBED_SWIFT_STANDARD_LIBRARIES = YES;
				BUNDLE_LOADER = "$(TEST_HOST)";
				CODE_SIGN_STYLE = Automatic;
				CURRENT_PROJECT_VERSION = 1;
				DEVELOPMENT_TEAM = 6HX5P2M97J;
				GENERATE_INFOPLIST_FILE = YES;
				IPHONEOS_DEPLOYMENT_TARGET = 17.2;
				MARKETING_VERSION = 1.0;
				PRODUCT_BUNDLE_IDENTIFIER = Anilkaramis.CenterMoviesTests;
				PRODUCT_NAME = "$(TARGET_NAME)";
				SWIFT_EMIT_LOC_STRINGS = NO;
				SWIFT_VERSION = 5.0;
				TARGETED_DEVICE_FAMILY = "1,2";
				TEST_HOST = "$(BUILT_PRODUCTS_DIR)/CenterMovies.app/$(BUNDLE_EXECUTABLE_FOLDER_PATH)/CenterMovies";
			};
			name = Release;
		};
		A5275CB82B790B0E0045A61B /* Debug */ = {
			isa = XCBuildConfiguration;
			baseConfigurationReference = 625BDBBB49389583B6D57ACF /* Pods-CenterMovies-CenterMoviesUITests.debug.xcconfig */;
			buildSettings = {
				ALWAYS_EMBED_SWIFT_STANDARD_LIBRARIES = YES;
				CODE_SIGN_STYLE = Automatic;
				CURRENT_PROJECT_VERSION = 1;
				DEVELOPMENT_TEAM = 6HX5P2M97J;
				GENERATE_INFOPLIST_FILE = YES;
				MARKETING_VERSION = 1.0;
				PRODUCT_BUNDLE_IDENTIFIER = Anilkaramis.CenterMoviesUITests;
				PRODUCT_NAME = "$(TARGET_NAME)";
				SWIFT_EMIT_LOC_STRINGS = NO;
				SWIFT_VERSION = 5.0;
				TARGETED_DEVICE_FAMILY = "1,2";
				TEST_TARGET_NAME = CenterMovies;
			};
			name = Debug;
		};
		A5275CB92B790B0E0045A61B /* Release */ = {
			isa = XCBuildConfiguration;
			baseConfigurationReference = 1C350DB8F2B1479EB1EC1F81 /* Pods-CenterMovies-CenterMoviesUITests.release.xcconfig */;
			buildSettings = {
				ALWAYS_EMBED_SWIFT_STANDARD_LIBRARIES = YES;
				CODE_SIGN_STYLE = Automatic;
				CURRENT_PROJECT_VERSION = 1;
				DEVELOPMENT_TEAM = 6HX5P2M97J;
				GENERATE_INFOPLIST_FILE = YES;
				MARKETING_VERSION = 1.0;
				PRODUCT_BUNDLE_IDENTIFIER = Anilkaramis.CenterMoviesUITests;
				PRODUCT_NAME = "$(TARGET_NAME)";
				SWIFT_EMIT_LOC_STRINGS = NO;
				SWIFT_VERSION = 5.0;
				TARGETED_DEVICE_FAMILY = "1,2";
				TEST_TARGET_NAME = CenterMovies;
			};
			name = Release;
		};
/* End XCBuildConfiguration section */

/* Begin XCConfigurationList section */
		A5275C822B790B0D0045A61B /* Build configuration list for PBXProject "CenterMovies" */ = {
			isa = XCConfigurationList;
			buildConfigurations = (
				A5275CAF2B790B0E0045A61B /* Debug */,
				A5275CB02B790B0E0045A61B /* Release */,
			);
			defaultConfigurationIsVisible = 0;
			defaultConfigurationName = Release;
		};
		A5275CB12B790B0E0045A61B /* Build configuration list for PBXNativeTarget "CenterMovies" */ = {
			isa = XCConfigurationList;
			buildConfigurations = (
				A5275CB22B790B0E0045A61B /* Debug */,
				A5275CB32B790B0E0045A61B /* Release */,
			);
			defaultConfigurationIsVisible = 0;
			defaultConfigurationName = Release;
		};
		A5275CB42B790B0E0045A61B /* Build configuration list for PBXNativeTarget "CenterMoviesTests" */ = {
			isa = XCConfigurationList;
			buildConfigurations = (
				A5275CB52B790B0E0045A61B /* Debug */,
				A5275CB62B790B0E0045A61B /* Release */,
			);
			defaultConfigurationIsVisible = 0;
			defaultConfigurationName = Release;
		};
		A5275CB72B790B0E0045A61B /* Build configuration list for PBXNativeTarget "CenterMoviesUITests" */ = {
			isa = XCConfigurationList;
			buildConfigurations = (
				A5275CB82B790B0E0045A61B /* Debug */,
				A5275CB92B790B0E0045A61B /* Release */,
			);
			defaultConfigurationIsVisible = 0;
			defaultConfigurationName = Release;
		};
/* End XCConfigurationList section */
	};
	rootObject = A5275C7F2B790B0D0045A61B /* Project object */;
}
